PODS:
  - FMDB (2.3):
    - FMDB/standard (= 2.3)
  - FMDB/common (2.3)
  - FMDB/standard (2.3):
    - FMDB/common

DEPENDENCIES:
  - FMDB (= 2.3)

SPEC REPOS:
  https://github.com/cocoapods/specs.git:
    - FMDB

SPEC CHECKSUMS:
  FMDB: e78c5941bb10563f2b707255119e3655e790c29e

PODFILE CHECKSUM: 6f28cb64acfc52c9917e508ca8ffda16644dd13a

COCOAPODS: 1.5.3
